
Microsoft Visual Studio Solution File, Format Version 12.00
# Visual Studio 15
VisualStudioVersion = 15.0.28010.0
MinimumVisualStudioVersion = 10.0.40219.1
Project("{FAE04EC0-301F-11D3-BF4B-00C04F79EFBC}") = "WpfApp6", "WpfApp6\WpfApp6.csproj", "{C157E577-21E8-4621-BBA0-9BCED21B7BA1}"
EndProject
Project("{FAE04EC0-301F-11D3-BF4B-00C04F79EFBC}") = "guessnumbertest", "guessnumbertest\guessnumbertest.csproj", "{78DC5C2B-8304-4D29-8413-1DF8A96121E5}"
EndProject
Global
	GlobalSection(SolutionConfigurationPlatforms) = preSolution
		Debug|Any CPU = Debug|Any CPU
		Release|Any CPU = Release|Any CPU
	EndGlobalSection
	GlobalSection(ProjectConfigurationPlatforms) = postSolution
		{C157E577-21E8-4621-BBA0-9BCED21B7BA1}.Debug|Any CPU.ActiveCfg = Debug|Any CPU
		{C157E577-21E8-4621-BBA0-9BCED21B7BA1}.Debug|Any CPU.Build.0 = Debug|Any CPU
		{C157E577-21E8-4621-BBA0-9BCED21B7BA1}.Release|Any CPU.ActiveCfg = Release|Any CPU
		{C157E577-21E8-4621-BBA0-9BCED21B7BA1}.Release|Any CPU.Build.0 = Release|Any CPU
		{78DC5C2B-8304-4D29-8413-1DF8A96121E5}.Debug|Any CPU.ActiveCfg = Debug|Any CPU
		{78DC5C2B-8304-4D29-8413-1DF8A96121E5}.Debug|Any CPU.Build.0 = Debug|Any CPU
		{78DC5C2B-8304-4D29-8413-1DF8A96121E5}.Release|Any CPU.ActiveCfg = Release|Any CPU
		{78DC5C2B-8304-4D29-8413-1DF8A96121E5}.Release|Any CPU.Build.0 = Release|Any CPU
	EndGlobalSection
	GlobalSection(SolutionProperties) = preSolution
		HideSolutionNode = FALSE
	EndGlobalSection
	GlobalSection(ExtensibilityGlobals) = postSolution
		SolutionGuid = {3A8E296D-6EAD-4217-8ADD-B82929DB953D}
	EndGlobalSection
EndGlobal
